{
  "name": "hyperapp-nestable",
  "version": "0.2.1",
  "lockfileVersion": 1,
  "requires": true,
  "dependencies": {
    "commander": {
      "version": "2.11.0",
      "resolved": "https://registry.npmjs.org/commander/-/commander-2.11.0.tgz",
      "integrity": "sha512-b0553uYA5YAEGgyYIGYROzKQ7X5RAqedkfjiZxwi0kL1g3bOaBNNZfYkzt/CL0umgD5wc9Jec2FbB98CjkMRvQ==",
      "dev": true
    },
    "rollup": {
      "version": "0.52.2",
      "resolved": "https://registry.npmjs.org/rollup/-/rollup-0.52.2.tgz",
      "integrity": "sha512-1lSh5NghZu0H4QpA9wr4C1Y9lmgYK+p9MtVpriE6zpf5x3IXPbafc3k4Jfaw6upIT8eaVJLjDe4lcy7ByIYcOg==",
      "dev": true
    },
    "source-map": {
      "version": "0.5.7",
      "resolved": "https://registry.npmjs.org/source-map/-/source-map-0.5.7.tgz",
      "integrity": "sha1-igOdLRAh0i0eoUyA2OpGi6LvP8w=",
      "dev": true
    },
    "uglify-js": {
      "version": "3.2.2",
      "resolved": "https://registry.npmjs.org/uglify-js/-/uglify-js-3.2.2.tgz",
      "integrity": "sha512-++1NO/zZIEdWf6cDIGceSJQPX31SqIpbVAHwFG5+240MtZqPG/NIPoinj8zlXQtAfMBqEt1Jyv2FiLP3n9gVhQ==",
      "dev": true,
      "requires": {
        "commander": "2.11.0",
        "source-map": "0.5.7"
      }
    }
  }
}
